
Microsoft Visual Studio Solution File, Format Version 12.00
# Visual Studio Version 17
VisualStudioVersion = 17.5.33516.290
MinimumVisualStudioVersion = 10.0.40219.1
Project("{FAE04EC0-301F-11D3-BF4B-00C04F79EFBC}") = "Stream", "Stream\Stream.csproj", "{E01BC2DA-18C2-413C-9F0E-CFEEA3D8C09C}"
EndProject
Global
	GlobalSection(SolutionConfigurationPlatforms) = preSolution
		Debug|Any CPU = Debug|Any CPU
		Release|Any CPU = Release|Any CPU
	EndGlobalSection
	GlobalSection(ProjectConfigurationPlatforms) = postSolution
		{E01BC2DA-18C2-413C-9F0E-CFEEA3D8C09C}.Debug|Any CPU.ActiveCfg = Debug|Any CPU
		{E01BC2DA-18C2-413C-9F0E-CFEEA3D8C09C}.Debug|Any CPU.Build.0 = Debug|Any CPU
		{E01BC2DA-18C2-413C-9F0E-CFEEA3D8C09C}.Release|Any CPU.ActiveCfg = Release|Any CPU
		{E01BC2DA-18C2-413C-9F0E-CFEEA3D8C09C}.Release|Any CPU.Build.0 = Release|Any CPU
	EndGlobalSection
	GlobalSection(SolutionProperties) = preSolution
		HideSolutionNode = FALSE
	EndGlobalSection
	GlobalSection(ExtensibilityGlobals) = postSolution
		SolutionGuid = {7353B683-E2BD-4F7F-940C-6D47792E500D}
	EndGlobalSection
EndGlobal
